
Microsoft Visual Studio Solution File, Format Version 12.00
Project("{FAE04EC0-301F-11D3-BF4B-00C04F79EFBC}") = "SharpSplash.Blog.UI", "src\SharpSplash.Blog.UI\SharpSplash.Blog.UI.csproj", "{BA081F2A-50AA-45F0-B921-1FF696C15D81}"
EndProject
Global
	GlobalSection(SolutionConfigurationPlatforms) = preSolution
		Debug|Any CPU = Debug|Any CPU
		Release|Any CPU = Release|Any CPU
	EndGlobalSection
	GlobalSection(ProjectConfigurationPlatforms) = postSolution
		{BA081F2A-50AA-45F0-B921-1FF696C15D81}.Debug|Any CPU.ActiveCfg = Debug|Any CPU
		{BA081F2A-50AA-45F0-B921-1FF696C15D81}.Debug|Any CPU.Build.0 = Debug|Any CPU
		{BA081F2A-50AA-45F0-B921-1FF696C15D81}.Release|Any CPU.ActiveCfg = Release|Any CPU
		{BA081F2A-50AA-45F0-B921-1FF696C15D81}.Release|Any CPU.Build.0 = Release|Any CPU
	EndGlobalSection
EndGlobal
